github.com/X-07/Library v0.0.2 h1:bAErKfCyInF2AIXcLY6h8CFbKSRaxAwrraz1xDdHg9g=
github.com/X-07/Library v0.0.2/go.mod h1:JKvU+ZpCPyYXKmLKQyevmggIloRJA3vtxzDcvluwDao=
github.com/gotk3/gotk3 v0.6.1 h1:GJ400a0ecEEWrzjBvzBzH+pB/esEMIGdB9zPSmBdoeo=
github.com/gotk3/gotk3 v0.6.1/go.mod h1:/hqFpkNa9T3JgNAE2fLvCdov7c5bw//FHNZrZ3Uv9/Q=
